
Microsoft Visual Studio Solution File, Format Version 12.00
# Visual Studio Version 17
VisualStudioVersion = 17.6.33815.320
MinimumVisualStudioVersion = 10.0.40219.1
Project("{FAE04EC0-301F-11D3-BF4B-00C04F79EFBC}") = "ConAppCircularDoublyLinkedList", "ConAppCircularDoublyLinkedList\ConAppCircularDoublyLinkedList.csproj", "{A89ED01C-122F-428E-B52C-CE38BCD86421}"
EndProject
Global
	GlobalSection(SolutionConfigurationPlatforms) = preSolution
		Debug|Any CPU = Debug|Any CPU
		Release|Any CPU = Release|Any CPU
	EndGlobalSection
	GlobalSection(ProjectConfigurationPlatforms) = postSolution
		{A89ED01C-122F-428E-B52C-CE38BCD86421}.Debug|Any CPU.ActiveCfg = Debug|Any CPU
		{A89ED01C-122F-428E-B52C-CE38BCD86421}.Debug|Any CPU.Build.0 = Debug|Any CPU
		{A89ED01C-122F-428E-B52C-CE38BCD86421}.Release|Any CPU.ActiveCfg = Release|Any CPU
		{A89ED01C-122F-428E-B52C-CE38BCD86421}.Release|Any CPU.Build.0 = Release|Any CPU
	EndGlobalSection
	GlobalSection(SolutionProperties) = preSolution
		HideSolutionNode = FALSE
	EndGlobalSection
	GlobalSection(ExtensibilityGlobals) = postSolution
		SolutionGuid = {0F19F2E3-5C8C-485D-BC2B-F9DE5167688B}
	EndGlobalSection
EndGlobal
